
Microsoft Visual Studio Solution File, Format Version 12.00
# Visual Studio Version 17
VisualStudioVersion = 17.10.35122.118
MinimumVisualStudioVersion = 10.0.40219.1
Project("{9A19103F-16F7-4668-BE54-9A1E7A4F7556}") = "AppleStore", "AppleStore\AppleStore.csproj", "{88120A33-80A9-4ED1-ACD2-F93477D504BC}"
	ProjectSection(ProjectDependencies) = postProject
		{FAAC90F3-BBD9-4090-8AC2-B19EC4229142} = {FAAC90F3-BBD9-4090-8AC2-B19EC4229142}
	EndProjectSection
EndProject
Project("{9A19103F-16F7-4668-BE54-9A1E7A4F7556}") = "Apple.DataAccess", "Apple.DataAccess\Apple.DataAccess.csproj", "{E594F09B-5A6F-44CA-B58E-B16FCABAB018}"
EndProject
Project("{9A19103F-16F7-4668-BE54-9A1E7A4F7556}") = "Apple.Models", "Apple.Models\Apple.Models.csproj", "{FAAC90F3-BBD9-4090-8AC2-B19EC4229142}"
EndProject
Project("{FAE04EC0-301F-11D3-BF4B-00C04F79EFBC}") = "Apple.Domain", "Apple.Domain\Apple.Domain.csproj", "{8573E4D4-2479-434D-AA97-D99E8E5FEA3C}"
	ProjectSection(ProjectDependencies) = postProject
		{FAAC90F3-BBD9-4090-8AC2-B19EC4229142} = {FAAC90F3-BBD9-4090-8AC2-B19EC4229142}
	EndProjectSection
EndProject
Global
	GlobalSection(SolutionConfigurationPlatforms) = preSolution
		Debug|Any CPU = Debug|Any CPU
		Release|Any CPU = Release|Any CPU
	EndGlobalSection
	GlobalSection(ProjectConfigurationPlatforms) = postSolution
		{88120A33-80A9-4ED1-ACD2-F93477D504BC}.Debug|Any CPU.ActiveCfg = Debug|Any CPU
		{88120A33-80A9-4ED1-ACD2-F93477D504BC}.Debug|Any CPU.Build.0 = Debug|Any CPU
		{88120A33-80A9-4ED1-ACD2-F93477D504BC}.Release|Any CPU.ActiveCfg = Release|Any CPU
		{88120A33-80A9-4ED1-ACD2-F93477D504BC}.Release|Any CPU.Build.0 = Release|Any CPU
		{E594F09B-5A6F-44CA-B58E-B16FCABAB018}.Debug|Any CPU.ActiveCfg = Debug|Any CPU
		{E594F09B-5A6F-44CA-B58E-B16FCABAB018}.Debug|Any CPU.Build.0 = Debug|Any CPU
		{E594F09B-5A6F-44CA-B58E-B16FCABAB018}.Release|Any CPU.ActiveCfg = Release|Any CPU
		{E594F09B-5A6F-44CA-B58E-B16FCABAB018}.Release|Any CPU.Build.0 = Release|Any CPU
		{FAAC90F3-BBD9-4090-8AC2-B19EC4229142}.Debug|Any CPU.ActiveCfg = Debug|Any CPU
		{FAAC90F3-BBD9-4090-8AC2-B19EC4229142}.Debug|Any CPU.Build.0 = Debug|Any CPU
		{FAAC90F3-BBD9-4090-8AC2-B19EC4229142}.Release|Any CPU.ActiveCfg = Release|Any CPU
		{FAAC90F3-BBD9-4090-8AC2-B19EC4229142}.Release|Any CPU.Build.0 = Release|Any CPU
		{8573E4D4-2479-434D-AA97-D99E8E5FEA3C}.Debug|Any CPU.ActiveCfg = Debug|Any CPU
		{8573E4D4-2479-434D-AA97-D99E8E5FEA3C}.Debug|Any CPU.Build.0 = Debug|Any CPU
		{8573E4D4-2479-434D-AA97-D99E8E5FEA3C}.Release|Any CPU.ActiveCfg = Release|Any CPU
		{8573E4D4-2479-434D-AA97-D99E8E5FEA3C}.Release|Any CPU.Build.0 = Release|Any CPU
	EndGlobalSection
	GlobalSection(SolutionProperties) = preSolution
		HideSolutionNode = FALSE
	EndGlobalSection
	GlobalSection(ExtensibilityGlobals) = postSolution
		SolutionGuid = {050B704A-5199-4AD8-BCC9-9FA42BBC8A5A}
	EndGlobalSection
EndGlobal
